
Microsoft Visual Studio Solution File, Format Version 12.00
# Visual Studio Version 16
VisualStudioVersion = 16.0.32413.511
MinimumVisualStudioVersion = 10.0.40219.1
Project("{FAE04EC0-301F-11D3-BF4B-00C04F79EFBC}") = "PSICAP2", "PSICAP2\PSICAP2.csproj", "{82297C4D-BFE7-4931-9602-0AC06173DDF4}"
EndProject
Project("{FAE04EC0-301F-11D3-BF4B-00C04F79EFBC}") = "Modelo", "Modelo\Modelo.csproj", "{03A67A11-F551-49D3-9AA6-F5D15BB73C35}"
EndProject
Project("{FAE04EC0-301F-11D3-BF4B-00C04F79EFBC}") = "Persistencia", "Persistencia\Persistencia.csproj", "{8ACB185E-F001-4C35-9633-02A91CC84C37}"
EndProject
Project("{FAE04EC0-301F-11D3-BF4B-00C04F79EFBC}") = "Servico", "Servico\Servico.csproj", "{F1D0CAA8-8F87-45E7-AF30-79655F821210}"
EndProject
Global
	GlobalSection(SolutionConfigurationPlatforms) = preSolution
		Debug|Any CPU = Debug|Any CPU
		Release|Any CPU = Release|Any CPU
	EndGlobalSection
	GlobalSection(ProjectConfigurationPlatforms) = postSolution
		{82297C4D-BFE7-4931-9602-0AC06173DDF4}.Debug|Any CPU.ActiveCfg = Debug|Any CPU
		{82297C4D-BFE7-4931-9602-0AC06173DDF4}.Debug|Any CPU.Build.0 = Debug|Any CPU
		{82297C4D-BFE7-4931-9602-0AC06173DDF4}.Release|Any CPU.ActiveCfg = Release|Any CPU
		{82297C4D-BFE7-4931-9602-0AC06173DDF4}.Release|Any CPU.Build.0 = Release|Any CPU
		{03A67A11-F551-49D3-9AA6-F5D15BB73C35}.Debug|Any CPU.ActiveCfg = Debug|Any CPU
		{03A67A11-F551-49D3-9AA6-F5D15BB73C35}.Debug|Any CPU.Build.0 = Debug|Any CPU
		{03A67A11-F551-49D3-9AA6-F5D15BB73C35}.Release|Any CPU.ActiveCfg = Release|Any CPU
		{03A67A11-F551-49D3-9AA6-F5D15BB73C35}.Release|Any CPU.Build.0 = Release|Any CPU
		{8ACB185E-F001-4C35-9633-02A91CC84C37}.Debug|Any CPU.ActiveCfg = Debug|Any CPU
		{8ACB185E-F001-4C35-9633-02A91CC84C37}.Debug|Any CPU.Build.0 = Debug|Any CPU
		{8ACB185E-F001-4C35-9633-02A91CC84C37}.Release|Any CPU.ActiveCfg = Release|Any CPU
		{8ACB185E-F001-4C35-9633-02A91CC84C37}.Release|Any CPU.Build.0 = Release|Any CPU
		{F1D0CAA8-8F87-45E7-AF30-79655F821210}.Debug|Any CPU.ActiveCfg = Debug|Any CPU
		{F1D0CAA8-8F87-45E7-AF30-79655F821210}.Debug|Any CPU.Build.0 = Debug|Any CPU
		{F1D0CAA8-8F87-45E7-AF30-79655F821210}.Release|Any CPU.ActiveCfg = Release|Any CPU
		{F1D0CAA8-8F87-45E7-AF30-79655F821210}.Release|Any CPU.Build.0 = Release|Any CPU
	EndGlobalSection
	GlobalSection(SolutionProperties) = preSolution
		HideSolutionNode = FALSE
	EndGlobalSection
	GlobalSection(ExtensibilityGlobals) = postSolution
		SolutionGuid = {EBDC8185-21E1-4B8D-BC98-7DEA21BF2EA5}
	EndGlobalSection
EndGlobal
